
Microsoft Visual Studio Solution File, Format Version 12.00
# Visual Studio Version 17
VisualStudioVersion = 17.0.31903.59
MinimumVisualStudioVersion = 10.0.40219.1
Project("{2150E333-8FDC-42A3-9474-1A3956D46DE8}") = "src", "src", "{827E0CD3-B72D-47B6-A68D-7590B98EB39B}"
EndProject
Project("{FAE04EC0-301F-11D3-BF4B-00C04F79EFBC}") = "FindBW.Domain", "src\FindBW.Domain\FindBW.Domain.csproj", "{D07AA872-3085-45B2-99F8-732A1EEB4D7B}"
EndProject
Project("{FAE04EC0-301F-11D3-BF4B-00C04F79EFBC}") = "FindBW.Application", "src\FindBW.Application\FindBW.Application.csproj", "{6310AA9B-0CCC-4A7C-B0F2-0961008773D3}"
EndProject
Project("{FAE04EC0-301F-11D3-BF4B-00C04F79EFBC}") = "FindBW.Infrastructure", "src\FindBW.Infrastructure\FindBW.Infrastructure.csproj", "{9A288ECD-6DC2-4F9F-96BF-56087869D23F}"
EndProject
Project("{FAE04EC0-301F-11D3-BF4B-00C04F79EFBC}") = "FindBW.Api", "src\FindBW.Api\FindBW.Api.csproj", "{EB4E61D0-9223-4083-917E-7C34A9D2757B}"
EndProject
Global
	GlobalSection(SolutionConfigurationPlatforms) = preSolution
		Debug|Any CPU = Debug|Any CPU
		Debug|x64 = Debug|x64
		Debug|x86 = Debug|x86
		Release|Any CPU = Release|Any CPU
		Release|x64 = Release|x64
		Release|x86 = Release|x86
	EndGlobalSection
	GlobalSection(ProjectConfigurationPlatforms) = postSolution
		{D07AA872-3085-45B2-99F8-732A1EEB4D7B}.Debug|Any CPU.ActiveCfg = Debug|Any CPU
		{D07AA872-3085-45B2-99F8-732A1EEB4D7B}.Debug|Any CPU.Build.0 = Debug|Any CPU
		{D07AA872-3085-45B2-99F8-732A1EEB4D7B}.Debug|x64.ActiveCfg = Debug|Any CPU
		{D07AA872-3085-45B2-99F8-732A1EEB4D7B}.Debug|x64.Build.0 = Debug|Any CPU
		{D07AA872-3085-45B2-99F8-732A1EEB4D7B}.Debug|x86.ActiveCfg = Debug|Any CPU
		{D07AA872-3085-45B2-99F8-732A1EEB4D7B}.Debug|x86.Build.0 = Debug|Any CPU
		{D07AA872-3085-45B2-99F8-732A1EEB4D7B}.Release|Any CPU.ActiveCfg = Release|Any CPU
		{D07AA872-3085-45B2-99F8-732A1EEB4D7B}.Release|Any CPU.Build.0 = Release|Any CPU
		{D07AA872-3085-45B2-99F8-732A1EEB4D7B}.Release|x64.ActiveCfg = Release|Any CPU
		{D07AA872-3085-45B2-99F8-732A1EEB4D7B}.Release|x64.Build.0 = Release|Any CPU
		{D07AA872-3085-45B2-99F8-732A1EEB4D7B}.Release|x86.ActiveCfg = Release|Any CPU
		{D07AA872-3085-45B2-99F8-732A1EEB4D7B}.Release|x86.Build.0 = Release|Any CPU
		{6310AA9B-0CCC-4A7C-B0F2-0961008773D3}.Debug|Any CPU.ActiveCfg = Debug|Any CPU
		{6310AA9B-0CCC-4A7C-B0F2-0961008773D3}.Debug|Any CPU.Build.0 = Debug|Any CPU
		{6310AA9B-0CCC-4A7C-B0F2-0961008773D3}.Debug|x64.ActiveCfg = Debug|Any CPU
		{6310AA9B-0CCC-4A7C-B0F2-0961008773D3}.Debug|x64.Build.0 = Debug|Any CPU
		{6310AA9B-0CCC-4A7C-B0F2-0961008773D3}.Debug|x86.ActiveCfg = Debug|Any CPU
		{6310AA9B-0CCC-4A7C-B0F2-0961008773D3}.Debug|x86.Build.0 = Debug|Any CPU
		{6310AA9B-0CCC-4A7C-B0F2-0961008773D3}.Release|Any CPU.ActiveCfg = Release|Any CPU
		{6310AA9B-0CCC-4A7C-B0F2-0961008773D3}.Release|Any CPU.Build.0 = Release|Any CPU
		{6310AA9B-0CCC-4A7C-B0F2-0961008773D3}.Release|x64.ActiveCfg = Release|Any CPU
		{6310AA9B-0CCC-4A7C-B0F2-0961008773D3}.Release|x64.Build.0 = Release|Any CPU
		{6310AA9B-0CCC-4A7C-B0F2-0961008773D3}.Release|x86.ActiveCfg = Release|Any CPU
		{6310AA9B-0CCC-4A7C-B0F2-0961008773D3}.Release|x86.Build.0 = Release|Any CPU
		{9A288ECD-6DC2-4F9F-96BF-56087869D23F}.Debug|Any CPU.ActiveCfg = Debug|Any CPU
		{9A288ECD-6DC2-4F9F-96BF-56087869D23F}.Debug|Any CPU.Build.0 = Debug|Any CPU
		{9A288ECD-6DC2-4F9F-96BF-56087869D23F}.Debug|x64.ActiveCfg = Debug|Any CPU
		{9A288ECD-6DC2-4F9F-96BF-56087869D23F}.Debug|x64.Build.0 = Debug|Any CPU
		{9A288ECD-6DC2-4F9F-96BF-56087869D23F}.Debug|x86.ActiveCfg = Debug|Any CPU
		{9A288ECD-6DC2-4F9F-96BF-56087869D23F}.Debug|x86.Build.0 = Debug|Any CPU
		{9A288ECD-6DC2-4F9F-96BF-56087869D23F}.Release|Any CPU.ActiveCfg = Release|Any CPU
		{9A288ECD-6DC2-4F9F-96BF-56087869D23F}.Release|Any CPU.Build.0 = Release|Any CPU
		{9A288ECD-6DC2-4F9F-96BF-56087869D23F}.Release|x64.ActiveCfg = Release|Any CPU
		{9A288ECD-6DC2-4F9F-96BF-56087869D23F}.Release|x64.Build.0 = Release|Any CPU
		{9A288ECD-6DC2-4F9F-96BF-56087869D23F}.Release|x86.ActiveCfg = Release|Any CPU
		{9A288ECD-6DC2-4F9F-96BF-56087869D23F}.Release|x86.Build.0 = Release|Any CPU
		{EB4E61D0-9223-4083-917E-7C34A9D2757B}.Debug|Any CPU.ActiveCfg = Debug|Any CPU
		{EB4E61D0-9223-4083-917E-7C34A9D2757B}.Debug|Any CPU.Build.0 = Debug|Any CPU
		{EB4E61D0-9223-4083-917E-7C34A9D2757B}.Debug|x64.ActiveCfg = Debug|Any CPU
		{EB4E61D0-9223-4083-917E-7C34A9D2757B}.Debug|x64.Build.0 = Debug|Any CPU
		{EB4E61D0-9223-4083-917E-7C34A9D2757B}.Debug|x86.ActiveCfg = Debug|Any CPU
		{EB4E61D0-9223-4083-917E-7C34A9D2757B}.Debug|x86.Build.0 = Debug|Any CPU
		{EB4E61D0-9223-4083-917E-7C34A9D2757B}.Release|Any CPU.ActiveCfg = Release|Any CPU
		{EB4E61D0-9223-4083-917E-7C34A9D2757B}.Release|Any CPU.Build.0 = Release|Any CPU
		{EB4E61D0-9223-4083-917E-7C34A9D2757B}.Release|x64.ActiveCfg = Release|Any CPU
		{EB4E61D0-9223-4083-917E-7C34A9D2757B}.Release|x64.Build.0 = Release|Any CPU
		{EB4E61D0-9223-4083-917E-7C34A9D2757B}.Release|x86.ActiveCfg = Release|Any CPU
		{EB4E61D0-9223-4083-917E-7C34A9D2757B}.Release|x86.Build.0 = Release|Any CPU
	EndGlobalSection
	GlobalSection(SolutionProperties) = preSolution
		HideSolutionNode = FALSE
	EndGlobalSection
	GlobalSection(NestedProjects) = preSolution
		{D07AA872-3085-45B2-99F8-732A1EEB4D7B} = {827E0CD3-B72D-47B6-A68D-7590B98EB39B}
		{6310AA9B-0CCC-4A7C-B0F2-0961008773D3} = {827E0CD3-B72D-47B6-A68D-7590B98EB39B}
		{9A288ECD-6DC2-4F9F-96BF-56087869D23F} = {827E0CD3-B72D-47B6-A68D-7590B98EB39B}
		{EB4E61D0-9223-4083-917E-7C34A9D2757B} = {827E0CD3-B72D-47B6-A68D-7590B98EB39B}
	EndGlobalSection
EndGlobal
